
Microsoft Visual Studio Solution File, Format Version 12.00
# Visual Studio Version 16
VisualStudioVersion = 16.0.31005.135
MinimumVisualStudioVersion = 10.0.40219.1
Project("{FAE04EC0-301F-11D3-BF4B-00C04F79EFBC}") = "ModbusIAI-Mind", "ModbusIAI-Mind\ModbusIAI-Mind.csproj", "{0B5DC82D-7EA8-4F96-AC3F-28B220589F0D}"
EndProject
Global
	GlobalSection(SolutionConfigurationPlatforms) = preSolution
		Debug|Any CPU = Debug|Any CPU
		Release|Any CPU = Release|Any CPU
	EndGlobalSection
	GlobalSection(ProjectConfigurationPlatforms) = postSolution
		{0B5DC82D-7EA8-4F96-AC3F-28B220589F0D}.Debug|Any CPU.ActiveCfg = Debug|Any CPU
		{0B5DC82D-7EA8-4F96-AC3F-28B220589F0D}.Debug|Any CPU.Build.0 = Debug|Any CPU
		{0B5DC82D-7EA8-4F96-AC3F-28B220589F0D}.Release|Any CPU.ActiveCfg = Release|Any CPU
		{0B5DC82D-7EA8-4F96-AC3F-28B220589F0D}.Release|Any CPU.Build.0 = Release|Any CPU
	EndGlobalSection
	GlobalSection(SolutionProperties) = preSolution
		HideSolutionNode = FALSE
	EndGlobalSection
	GlobalSection(ExtensibilityGlobals) = postSolution
		SolutionGuid = {394CCB60-46AD-49CB-AA03-A97A9FC25610}
	EndGlobalSection
EndGlobal
